
Microsoft Visual Studio Solution File, Format Version 12.00
# Visual Studio 2013
VisualStudioVersion = 12.0.21005.1
MinimumVisualStudioVersion = 10.0.40219.1
Project("{FAE04EC0-301F-11D3-BF4B-00C04F79EFBC}") = "CarRental.Business.Entities", "CarRental.Business.Entities\CarRental.Business.Entities.csproj", "{2146A8E9-ABA9-4C22-A4F7-266C23820A88}"
EndProject
Project("{2150E333-8FDC-42A3-9474-1A3956D46DE8}") = "Business", "Business", "{90CC5765-C08D-4DE5-B7C2-5B76C6EBFB59}"
EndProject
Project("{2150E333-8FDC-42A3-9474-1A3956D46DE8}") = "Client", "Client", "{79FFF20D-ADA3-459D-ACFD-0CEE0CDC3D80}"
EndProject
Project("{2150E333-8FDC-42A3-9474-1A3956D46DE8}") = "Core", "Core", "{B29FD8D9-081D-46F7-9CD2-37CF9632B75D}"
EndProject
Project("{2150E333-8FDC-42A3-9474-1A3956D46DE8}") = "Tests", "Tests", "{0C8006F5-D807-41B1-A745-0324B7CA9E69}"
EndProject
Project("{FAE04EC0-301F-11D3-BF4B-00C04F79EFBC}") = "CarRental.Client.Entities", "CarRental.Client.Entities\CarRental.Client.Entities.csproj", "{C1F43C70-98F3-4C3C-8F9B-3F4F58EE7317}"
EndProject
Project("{FAE04EC0-301F-11D3-BF4B-00C04F79EFBC}") = "Core.Common", "Core.Common\Core.Common.csproj", "{72530C9F-EFCA-46A6-A8D7-DCC68B9467F5}"
EndProject
Project("{FAE04EC0-301F-11D3-BF4B-00C04F79EFBC}") = "Core.Common.Contracts", "Core.Common.Contracts\Core.Common.Contracts.csproj", "{97764775-6FE0-46E8-86F8-B5FBBE5246B8}"
EndProject
Project("{FAE04EC0-301F-11D3-BF4B-00C04F79EFBC}") = "Core.Common.Tests", "Core.Common.Tests\Core.Common.Tests.csproj", "{CB8566EE-EBF7-4B11-BFA3-81886BB03593}"
EndProject
Project("{2150E333-8FDC-42A3-9474-1A3956D46DE8}") = "Resource Access", "Resource Access", "{AF333F82-B926-4C99-B8B1-7E64C5038955}"
EndProject
Project("{FAE04EC0-301F-11D3-BF4B-00C04F79EFBC}") = "CarRental.Data", "CarRental.Data\CarRental.Data.csproj", "{D876ABA8-8F0E-4F0F-A3DE-051B108579EC}"
EndProject
Project("{FAE04EC0-301F-11D3-BF4B-00C04F79EFBC}") = "CarRental.Data.Contracts", "CarRental.Data.Contracts\CarRental.Data.Contracts.csproj", "{D8ED74FA-6057-4543-BBBD-8F5CE3CF94E6}"
EndProject
Global
	GlobalSection(SolutionConfigurationPlatforms) = preSolution
		Debug|Any CPU = Debug|Any CPU
		Release|Any CPU = Release|Any CPU
	EndGlobalSection
	GlobalSection(ProjectConfigurationPlatforms) = postSolution
		{2146A8E9-ABA9-4C22-A4F7-266C23820A88}.Debug|Any CPU.ActiveCfg = Debug|Any CPU
		{2146A8E9-ABA9-4C22-A4F7-266C23820A88}.Debug|Any CPU.Build.0 = Debug|Any CPU
		{2146A8E9-ABA9-4C22-A4F7-266C23820A88}.Release|Any CPU.ActiveCfg = Release|Any CPU
		{2146A8E9-ABA9-4C22-A4F7-266C23820A88}.Release|Any CPU.Build.0 = Release|Any CPU
		{C1F43C70-98F3-4C3C-8F9B-3F4F58EE7317}.Debug|Any CPU.ActiveCfg = Debug|Any CPU
		{C1F43C70-98F3-4C3C-8F9B-3F4F58EE7317}.Debug|Any CPU.Build.0 = Debug|Any CPU
		{C1F43C70-98F3-4C3C-8F9B-3F4F58EE7317}.Release|Any CPU.ActiveCfg = Release|Any CPU
		{C1F43C70-98F3-4C3C-8F9B-3F4F58EE7317}.Release|Any CPU.Build.0 = Release|Any CPU
		{72530C9F-EFCA-46A6-A8D7-DCC68B9467F5}.Debug|Any CPU.ActiveCfg = Debug|Any CPU
		{72530C9F-EFCA-46A6-A8D7-DCC68B9467F5}.Debug|Any CPU.Build.0 = Debug|Any CPU
		{72530C9F-EFCA-46A6-A8D7-DCC68B9467F5}.Release|Any CPU.ActiveCfg = Release|Any CPU
		{72530C9F-EFCA-46A6-A8D7-DCC68B9467F5}.Release|Any CPU.Build.0 = Release|Any CPU
		{97764775-6FE0-46E8-86F8-B5FBBE5246B8}.Debug|Any CPU.ActiveCfg = Debug|Any CPU
		{97764775-6FE0-46E8-86F8-B5FBBE5246B8}.Debug|Any CPU.Build.0 = Debug|Any CPU
		{97764775-6FE0-46E8-86F8-B5FBBE5246B8}.Release|Any CPU.ActiveCfg = Release|Any CPU
		{97764775-6FE0-46E8-86F8-B5FBBE5246B8}.Release|Any CPU.Build.0 = Release|Any CPU
		{CB8566EE-EBF7-4B11-BFA3-81886BB03593}.Debug|Any CPU.ActiveCfg = Debug|Any CPU
		{CB8566EE-EBF7-4B11-BFA3-81886BB03593}.Debug|Any CPU.Build.0 = Debug|Any CPU
		{CB8566EE-EBF7-4B11-BFA3-81886BB03593}.Release|Any CPU.ActiveCfg = Release|Any CPU
		{CB8566EE-EBF7-4B11-BFA3-81886BB03593}.Release|Any CPU.Build.0 = Release|Any CPU
		{D876ABA8-8F0E-4F0F-A3DE-051B108579EC}.Debug|Any CPU.ActiveCfg = Debug|Any CPU
		{D876ABA8-8F0E-4F0F-A3DE-051B108579EC}.Debug|Any CPU.Build.0 = Debug|Any CPU
		{D876ABA8-8F0E-4F0F-A3DE-051B108579EC}.Release|Any CPU.ActiveCfg = Release|Any CPU
		{D876ABA8-8F0E-4F0F-A3DE-051B108579EC}.Release|Any CPU.Build.0 = Release|Any CPU
		{D8ED74FA-6057-4543-BBBD-8F5CE3CF94E6}.Debug|Any CPU.ActiveCfg = Debug|Any CPU
		{D8ED74FA-6057-4543-BBBD-8F5CE3CF94E6}.Debug|Any CPU.Build.0 = Debug|Any CPU
		{D8ED74FA-6057-4543-BBBD-8F5CE3CF94E6}.Release|Any CPU.ActiveCfg = Release|Any CPU
		{D8ED74FA-6057-4543-BBBD-8F5CE3CF94E6}.Release|Any CPU.Build.0 = Release|Any CPU
	EndGlobalSection
	GlobalSection(SolutionProperties) = preSolution
		HideSolutionNode = FALSE
	EndGlobalSection
	GlobalSection(NestedProjects) = preSolution
		{2146A8E9-ABA9-4C22-A4F7-266C23820A88} = {90CC5765-C08D-4DE5-B7C2-5B76C6EBFB59}
		{C1F43C70-98F3-4C3C-8F9B-3F4F58EE7317} = {79FFF20D-ADA3-459D-ACFD-0CEE0CDC3D80}
		{72530C9F-EFCA-46A6-A8D7-DCC68B9467F5} = {B29FD8D9-081D-46F7-9CD2-37CF9632B75D}
		{97764775-6FE0-46E8-86F8-B5FBBE5246B8} = {B29FD8D9-081D-46F7-9CD2-37CF9632B75D}
		{CB8566EE-EBF7-4B11-BFA3-81886BB03593} = {0C8006F5-D807-41B1-A745-0324B7CA9E69}
		{D876ABA8-8F0E-4F0F-A3DE-051B108579EC} = {AF333F82-B926-4C99-B8B1-7E64C5038955}
		{D8ED74FA-6057-4543-BBBD-8F5CE3CF94E6} = {AF333F82-B926-4C99-B8B1-7E64C5038955}
	EndGlobalSection
EndGlobal
